// !$*UTF8*$!
{
	archiveVersion = 1;
	classes = {
	};
	objectVersion = 56;
	objects = {

/* Begin PBXBuildFile section */
		843AFD2529B0C0FC00026273 /* FoodDeliveryAppApp.swift in Sources */ = {isa = PBXBuildFile; fileRef = 843AFD2429B0C0FC00026273 /* FoodDeliveryAppApp.swift */; };
		843AFD2729B0C0FC00026273 /* ContentView.swift in Sources */ = {isa = PBXBuildFile; fileRef = 843AFD2629B0C0FC00026273 /* ContentView.swift */; };
		843AFD2929B0C0FD00026273 /* Assets.xcassets in Resources */ = {isa = PBXBuildFile; fileRef = 843AFD2829B0C0FD00026273 /* Assets.xcassets */; };
		843AFD2C29B0C0FD00026273 /* Preview Assets.xcassets in Resources */ = {isa = PBXBuildFile; fileRef = 843AFD2B29B0C0FD00026273 /* Preview Assets.xcassets */; };
		843AFD4E29B0C69800026273 /* Model.swift in Sources */ = {isa = PBXBuildFile; fileRef = 843AFD4D29B0C69800026273 /* Model.swift */; };
		843AFD5829B0CB1400026273 /* AddressModel.swift in Sources */ = {isa = PBXBuildFile; fileRef = 843AFD4F29B0CB1400026273 /* AddressModel.swift */; };
		843AFD5929B0CB1400026273 /* Coin.swift in Sources */ = {isa = PBXBuildFile; fileRef = 843AFD5029B0CB1400026273 /* Coin.swift */; };
		843AFD5A29B0CB1400026273 /* Topic.swift in Sources */ = {isa = PBXBuildFile; fileRef = 843AFD5129B0CB1400026273 /* Topic.swift */; };
		843AFD5B29B0CB1400026273 /* Course.swift in Sources */ = {isa = PBXBuildFile; fileRef = 843AFD5229B0CB1400026273 /* Course.swift */; };
		843AFD5C29B0CB1400026273 /* Suggestion.swift in Sources */ = {isa = PBXBuildFile; fileRef = 843AFD5329B0CB1400026273 /* Suggestion.swift */; };
		843AFD5D29B0CB1400026273 /* PreferenceKeys.swift in Sources */ = {isa = PBXBuildFile; fileRef = 843AFD5429B0CB1400026273 /* PreferenceKeys.swift */; };
		843AFD5E29B0CB1400026273 /* TabBarItemModel.swift in Sources */ = {isa = PBXBuildFile; fileRef = 843AFD5529B0CB1400026273 /* TabBarItemModel.swift */; };
		843AFD5F29B0CB1400026273 /* Handbook.swift in Sources */ = {isa = PBXBuildFile; fileRef = 843AFD5629B0CB1400026273 /* Handbook.swift */; };
		843AFD6029B0CB1400026273 /* CourseSection.swift in Sources */ = {isa = PBXBuildFile; fileRef = 843AFD5729B0CB1400026273 /* CourseSection.swift */; };
		843AFD6529B0CE2200026273 /* NavigationBar.swift in Sources */ = {isa = PBXBuildFile; fileRef = 843AFD6329B0CE2200026273 /* NavigationBar.swift */; };
		843AFD6629B0CE2200026273 /* TabBar.swift in Sources */ = {isa = PBXBuildFile; fileRef = 843AFD6429B0CE2200026273 /* TabBar.swift */; };
		843AFD6929B0CE7300026273 /* PlayShape.swift in Sources */ = {isa = PBXBuildFile; fileRef = 843AFD6829B0CE7300026273 /* PlayShape.swift */; };
		843AFD6C29B0CEB400026273 /* InputStyle.swift in Sources */ = {isa = PBXBuildFile; fileRef = 843AFD6A29B0CEB400026273 /* InputStyle.swift */; };
		843AFD6D29B0CEB400026273 /* Styles.swift in Sources */ = {isa = PBXBuildFile; fileRef = 843AFD6B29B0CEB400026273 /* Styles.swift */; };
		843AFD7029B0CF0F00026273 /* AnimatbleFontModifire.swift in Sources */ = {isa = PBXBuildFile; fileRef = 843AFD6E29B0CF0F00026273 /* AnimatbleFontModifire.swift */; };
		843AFD7129B0CF0F00026273 /* TabItemPreferenceKey.swift in Sources */ = {isa = PBXBuildFile; fileRef = 843AFD6F29B0CF0F00026273 /* TabItemPreferenceKey.swift */; };
		843AFD7629B0CF9100026273 /* Animation + Extension.swift in Sources */ = {isa = PBXBuildFile; fileRef = 843AFD7329B0CF9100026273 /* Animation + Extension.swift */; };
		843AFD7729B0CF9100026273 /* Color + Extention.swift in Sources */ = {isa = PBXBuildFile; fileRef = 843AFD7429B0CF9100026273 /* Color + Extention.swift */; };
		843AFD7829B0CF9100026273 /* View + Extension.swift in Sources */ = {isa = PBXBuildFile; fileRef = 843AFD7529B0CF9100026273 /* View + Extension.swift */; };
		843AFD7A29B0E35B00026273 /* CoinViewModel.swift in Sources */ = {isa = PBXBuildFile; fileRef = 843AFD7929B0E35B00026273 /* CoinViewModel.swift */; };
		843AFD7D29B0E3C900026273 /* FeaturedItem.swift in Sources */ = {isa = PBXBuildFile; fileRef = 843AFD7C29B0E3C900026273 /* FeaturedItem.swift */; };
		843AFD7F29B0E3E600026273 /* CourseItem.swift in Sources */ = {isa = PBXBuildFile; fileRef = 843AFD7E29B0E3E600026273 /* CourseItem.swift */; };
		843AFD8129B0E40B00026273 /* SmallCourseItem.swift in Sources */ = {isa = PBXBuildFile; fileRef = 843AFD8029B0E40B00026273 /* SmallCourseItem.swift */; };
		843AFD8329B0E42000026273 /* HandbookItem.swift in Sources */ = {isa = PBXBuildFile; fileRef = 843AFD8229B0E42000026273 /* HandbookItem.swift */; };
		843AFD8529B0E43900026273 /* TopicItem.swift in Sources */ = {isa = PBXBuildFile; fileRef = 843AFD8429B0E43900026273 /* TopicItem.swift */; };
		843AFD8729B0E44F00026273 /* SectionRow.swift in Sources */ = {isa = PBXBuildFile; fileRef = 843AFD8629B0E44F00026273 /* SectionRow.swift */; };
		843AFD8929B0E49C00026273 /* CertificateView.swift in Sources */ = {isa = PBXBuildFile; fileRef = 843AFD8829B0E49C00026273 /* CertificateView.swift */; };
		843AFD8D29B0E4CE00026273 /* AvatarView.swift in Sources */ = {isa = PBXBuildFile; fileRef = 843AFD8C29B0E4CE00026273 /* AvatarView.swift */; };
		843AFD8F29B0E4E200026273 /* PlayView.swift in Sources */ = {isa = PBXBuildFile; fileRef = 843AFD8E29B0E4E200026273 /* PlayView.swift */; };
		843AFD9229B0E50600026273 /* HexagonView.swift in Sources */ = {isa = PBXBuildFile; fileRef = 843AFD9129B0E50600026273 /* HexagonView.swift */; };
		843AFD9429B0E51A00026273 /* BlobView.swift in Sources */ = {isa = PBXBuildFile; fileRef = 843AFD9329B0E51A00026273 /* BlobView.swift */; };
		843AFD9629B0E52C00026273 /* CircularView.swift in Sources */ = {isa = PBXBuildFile; fileRef = 843AFD9529B0E52C00026273 /* CircularView.swift */; };
		843AFD9C29B0E5D500026273 /* HomeView.swift in Sources */ = {isa = PBXBuildFile; fileRef = 843AFD9B29B0E5D500026273 /* HomeView.swift */; };
		843AFD9E29B0E5EF00026273 /* ExploreView.swift in Sources */ = {isa = PBXBuildFile; fileRef = 843AFD9D29B0E5EF00026273 /* ExploreView.swift */; };
		843AFDA029B0E60200026273 /* NotificationsView.swift in Sources */ = {isa = PBXBuildFile; fileRef = 843AFD9F29B0E60200026273 /* NotificationsView.swift */; };
		843AFDA229B0E61B00026273 /* LibraryView.swift in Sources */ = {isa = PBXBuildFile; fileRef = 843AFDA129B0E61B00026273 /* LibraryView.swift */; };
		843AFDA429B0E63700026273 /* CourseDetaileView.swift in Sources */ = {isa = PBXBuildFile; fileRef = 843AFDA329B0E63700026273 /* CourseDetaileView.swift */; };
		843AFDA629B0E65100026273 /* SectionView.swift in Sources */ = {isa = PBXBuildFile; fileRef = 843AFDA529B0E65100026273 /* SectionView.swift */; };
		843AFDA829B0E68C00026273 /* SignUpView.swift in Sources */ = {isa = PBXBuildFile; fileRef = 843AFDA729B0E68C00026273 /* SignUpView.swift */; };
		843AFDAA29B0E6A100026273 /* SignInView.swift in Sources */ = {isa = PBXBuildFile; fileRef = 843AFDA929B0E6A100026273 /* SignInView.swift */; };
		843AFDAC29B0E6B600026273 /* ModalView.swift in Sources */ = {isa = PBXBuildFile; fileRef = 843AFDAB29B0E6B600026273 /* ModalView.swift */; };
		843AFDAF29B0E6DF00026273 /* AccountView.swift in Sources */ = {isa = PBXBuildFile; fileRef = 843AFDAE29B0E6DF00026273 /* AccountView.swift */; };
		843AFDB129B0E6F300026273 /* SearchView.swift in Sources */ = {isa = PBXBuildFile; fileRef = 843AFDB029B0E6F300026273 /* SearchView.swift */; };
		843AFDC329B0E9F600026273 /* CategoryItem.swift in Sources */ = {isa = PBXBuildFile; fileRef = 843AFDC229B0E9F600026273 /* CategoryItem.swift */; };
		843AFDC529B0EA2200026273 /* Category.swift in Sources */ = {isa = PBXBuildFile; fileRef = 843AFDC429B0EA2200026273 /* Category.swift */; };
/* End PBXBuildFile section */

/* Begin PBXFileReference section */
		843AFD2129B0C0FC00026273 /* FoodDeliveryApp.app */ = {isa = PBXFileReference; explicitFileType = wrapper.application; includeInIndex = 0; path = FoodDeliveryApp.app; sourceTree = BUILT_PRODUCTS_DIR; };
		843AFD2429B0C0FC00026273 /* FoodDeliveryAppApp.swift */ = {isa = PBXFileReference; lastKnownFileType = sourcecode.swift; path = FoodDeliveryAppApp.swift; sourceTree = "<group>"; };
		843AFD2629B0C0FC00026273 /* ContentView.swift */ = {isa = PBXFileReference; lastKnownFileType = sourcecode.swift; path = ContentView.swift; sourceTree = "<group>"; };
		843AFD2829B0C0FD00026273 /* Assets.xcassets */ = {isa = PBXFileReference; lastKnownFileType = folder.assetcatalog; path = Assets.xcassets; sourceTree = "<group>"; };
		843AFD2B29B0C0FD00026273 /* Preview Assets.xcassets */ = {isa = PBXFileReference; lastKnownFileType = folder.assetcatalog; path = "Preview Assets.xcassets"; sourceTree = "<group>"; };
		843AFD4D29B0C69800026273 /* Model.swift */ = {isa = PBXFileReference; fileEncoding = 4; lastKnownFileType = sourcecode.swift; path = Model.swift; sourceTree = "<group>"; };
		843AFD4F29B0CB1400026273 /* AddressModel.swift */ = {isa = PBXFileReference; fileEncoding = 4; lastKnownFileType = sourcecode.swift; path = AddressModel.swift; sourceTree = "<group>"; };
		843AFD5029B0CB1400026273 /* Coin.swift */ = {isa = PBXFileReference; fileEncoding = 4; lastKnownFileType = sourcecode.swift; path = Coin.swift; sourceTree = "<group>"; };
		843AFD5129B0CB1400026273 /* Topic.swift */ = {isa = PBXFileReference; fileEncoding = 4; lastKnownFileType = sourcecode.swift; path = Topic.swift; sourceTree = "<group>"; };
		843AFD5229B0CB1400026273 /* Course.swift */ = {isa = PBXFileReference; fileEncoding = 4; lastKnownFileType = sourcecode.swift; path = Course.swift; sourceTree = "<group>"; };
		843AFD5329B0CB1400026273 /* Suggestion.swift */ = {isa = PBXFileReference; fileEncoding = 4; lastKnownFileType = sourcecode.swift; path = Suggestion.swift; sourceTree = "<group>"; };
		843AFD5429B0CB1400026273 /* PreferenceKeys.swift */ = {isa = PBXFileReference; fileEncoding = 4; lastKnownFileType = sourcecode.swift; path = PreferenceKeys.swift; sourceTree = "<group>"; };
		843AFD5529B0CB1400026273 /* TabBarItemModel.swift */ = {isa = PBXFileReference; fileEncoding = 4; lastKnownFileType = sourcecode.swift; path = TabBarItemModel.swift; sourceTree = "<group>"; };
		843AFD5629B0CB1400026273 /* Handbook.swift */ = {isa = PBXFileReference; fileEncoding = 4; lastKnownFileType = sourcecode.swift; path = Handbook.swift; sourceTree = "<group>"; };
		843AFD5729B0CB1400026273 /* CourseSection.swift */ = {isa = PBXFileReference; fileEncoding = 4; lastKnownFileType = sourcecode.swift; path = CourseSection.swift; sourceTree = "<group>"; };
		843AFD6329B0CE2200026273 /* NavigationBar.swift */ = {isa = PBXFileReference; fileEncoding = 4; lastKnownFileType = sourcecode.swift; path = NavigationBar.swift; sourceTree = "<group>"; };
		843AFD6429B0CE2200026273 /* TabBar.swift */ = {isa = PBXFileReference; fileEncoding = 4; lastKnownFileType = sourcecode.swift; path = TabBar.swift; sourceTree = "<group>"; };
		843AFD6829B0CE7300026273 /* PlayShape.swift */ = {isa = PBXFileReference; lastKnownFileType = sourcecode.swift; path = PlayShape.swift; sourceTree = "<group>"; };
		843AFD6A29B0CEB400026273 /* InputStyle.swift */ = {isa = PBXFileReference; fileEncoding = 4; lastKnownFileType = sourcecode.swift; path = InputStyle.swift; sourceTree = "<group>"; };
		843AFD6B29B0CEB400026273 /* Styles.swift */ = {isa = PBXFileReference; fileEncoding = 4; lastKnownFileType = sourcecode.swift; path = Styles.swift; sourceTree = "<group>"; };
		843AFD6E29B0CF0F00026273 /* AnimatbleFontModifire.swift */ = {isa = PBXFileReference; fileEncoding = 4; lastKnownFileType = sourcecode.swift; path = AnimatbleFontModifire.swift; sourceTree = "<group>"; };
		843AFD6F29B0CF0F00026273 /* TabItemPreferenceKey.swift */ = {isa = PBXFileReference; fileEncoding = 4; lastKnownFileType = sourcecode.swift; path = TabItemPreferenceKey.swift; sourceTree = "<group>"; };
		843AFD7329B0CF9100026273 /* Animation + Extension.swift */ = {isa = PBXFileReference; fileEncoding = 4; lastKnownFileType = sourcecode.swift; path = "Animation + Extension.swift"; sourceTree = "<group>"; };
		843AFD7429B0CF9100026273 /* Color + Extention.swift */ = {isa = PBXFileReference; fileEncoding = 4; lastKnownFileType = sourcecode.swift; path = "Color + Extention.swift"; sourceTree = "<group>"; };
		843AFD7529B0CF9100026273 /* View + Extension.swift */ = {isa = PBXFileReference; fileEncoding = 4; lastKnownFileType = sourcecode.swift; path = "View + Extension.swift"; sourceTree = "<group>"; };
		843AFD7929B0E35B00026273 /* CoinViewModel.swift */ = {isa = PBXFileReference; lastKnownFileType = sourcecode.swift; path = CoinViewModel.swift; sourceTree = "<group>"; };
		843AFD7C29B0E3C900026273 /* FeaturedItem.swift */ = {isa = PBXFileReference; lastKnownFileType = sourcecode.swift; path = FeaturedItem.swift; sourceTree = "<group>"; };
		843AFD7E29B0E3E600026273 /* CourseItem.swift */ = {isa = PBXFileReference; lastKnownFileType = sourcecode.swift; path = CourseItem.swift; sourceTree = "<group>"; };
		843AFD8029B0E40B00026273 /* SmallCourseItem.swift */ = {isa = PBXFileReference; lastKnownFileType = sourcecode.swift; path = SmallCourseItem.swift; sourceTree = "<group>"; };
		843AFD8229B0E42000026273 /* HandbookItem.swift */ = {isa = PBXFileReference; lastKnownFileType = sourcecode.swift; path = HandbookItem.swift; sourceTree = "<group>"; };
		843AFD8429B0E43900026273 /* TopicItem.swift */ = {isa = PBXFileReference; lastKnownFileType = sourcecode.swift; path = TopicItem.swift; sourceTree = "<group>"; };
		843AFD8629B0E44F00026273 /* SectionRow.swift */ = {isa = PBXFileReference; lastKnownFileType = sourcecode.swift; path = SectionRow.swift; sourceTree = "<group>"; };
		843AFD8829B0E49C00026273 /* CertificateView.swift */ = {isa = PBXFileReference; lastKnownFileType = sourcecode.swift; path = CertificateView.swift; sourceTree = "<group>"; };
		843AFD8C29B0E4CE00026273 /* AvatarView.swift */ = {isa = PBXFileReference; lastKnownFileType = sourcecode.swift; path = AvatarView.swift; sourceTree = "<group>"; };
		843AFD8E29B0E4E200026273 /* PlayView.swift */ = {isa = PBXFileReference; lastKnownFileType = sourcecode.swift; path = PlayView.swift; sourceTree = "<group>"; };
		843AFD9129B0E50600026273 /* HexagonView.swift */ = {isa = PBXFileReference; lastKnownFileType = sourcecode.swift; path = HexagonView.swift; sourceTree = "<group>"; };
		843AFD9329B0E51A00026273 /* BlobView.swift */ = {isa = PBXFileReference; lastKnownFileType = sourcecode.swift; path = BlobView.swift; sourceTree = "<group>"; };
		843AFD9529B0E52C00026273 /* CircularView.swift */ = {isa = PBXFileReference; lastKnownFileType = sourcecode.swift; path = CircularView.swift; sourceTree = "<group>"; };
		843AFD9B29B0E5D500026273 /* HomeView.swift */ = {isa = PBXFileReference; lastKnownFileType = sourcecode.swift; path = HomeView.swift; sourceTree = "<group>"; };
		843AFD9D29B0E5EF00026273 /* ExploreView.swift */ = {isa = PBXFileReference; lastKnownFileType = sourcecode.swift; path = ExploreView.swift; sourceTree = "<group>"; };
		843AFD9F29B0E60200026273 /* NotificationsView.swift */ = {isa = PBXFileReference; lastKnownFileType = sourcecode.swift; path = NotificationsView.swift; sourceTree = "<group>"; };
		843AFDA129B0E61B00026273 /* LibraryView.swift */ = {isa = PBXFileReference; lastKnownFileType = sourcecode.swift; path = LibraryView.swift; sourceTree = "<group>"; };
		843AFDA329B0E63700026273 /* CourseDetaileView.swift */ = {isa = PBXFileReference; lastKnownFileType = sourcecode.swift; path = CourseDetaileView.swift; sourceTree = "<group>"; };
		843AFDA529B0E65100026273 /* SectionView.swift */ = {isa = PBXFileReference; lastKnownFileType = sourcecode.swift; path = SectionView.swift; sourceTree = "<group>"; };
		843AFDA729B0E68C00026273 /* SignUpView.swift */ = {isa = PBXFileReference; lastKnownFileType = sourcecode.swift; path = SignUpView.swift; sourceTree = "<group>"; };
		843AFDA929B0E6A100026273 /* SignInView.swift */ = {isa = PBXFileReference; lastKnownFileType = sourcecode.swift; path = SignInView.swift; sourceTree = "<group>"; };
		843AFDAB29B0E6B600026273 /* ModalView.swift */ = {isa = PBXFileReference; lastKnownFileType = sourcecode.swift; path = ModalView.swift; sourceTree = "<group>"; };
		843AFDAE29B0E6DF00026273 /* AccountView.swift */ = {isa = PBXFileReference; lastKnownFileType = sourcecode.swift; path = AccountView.swift; sourceTree = "<group>"; };
		843AFDB029B0E6F300026273 /* SearchView.swift */ = {isa = PBXFileReference; lastKnownFileType = sourcecode.swift; path = SearchView.swift; sourceTree = "<group>"; };
		843AFDC229B0E9F600026273 /* CategoryItem.swift */ = {isa = PBXFileReference; lastKnownFileType = sourcecode.swift; path = CategoryItem.swift; sourceTree = "<group>"; };
		843AFDC429B0EA2200026273 /* Category.swift */ = {isa = PBXFileReference; lastKnownFileType = sourcecode.swift; path = Category.swift; sourceTree = "<group>"; };
/* End PBXFileReference section */

/* Begin PBXFrameworksBuildPhase section */
		843AFD1E29B0C0FC00026273 /* Frameworks */ = {
			isa = PBXFrameworksBuildPhase;
			buildActionMask = 2147483647;
			files = (
			);
			runOnlyForDeploymentPostprocessing = 0;
		};
/* End PBXFrameworksBuildPhase section */

/* Begin PBXGroup section */
		843AFD1829B0C0FC00026273 = {
			isa = PBXGroup;
			children = (
				843AFD2329B0C0FC00026273 /* FoodDeliveryApp */,
				843AFD2229B0C0FC00026273 /* Products */,
			);
			sourceTree = "<group>";
		};
		843AFD2229B0C0FC00026273 /* Products */ = {
			isa = PBXGroup;
			children = (
				843AFD2129B0C0FC00026273 /* FoodDeliveryApp.app */,
			);
			name = Products;
			sourceTree = "<group>";
		};
		843AFD2329B0C0FC00026273 /* FoodDeliveryApp */ = {
			isa = PBXGroup;
			children = (
				843AFD2429B0C0FC00026273 /* FoodDeliveryAppApp.swift */,
				843AFD9729B0E59F00026273 /* Views */,
				843AFD7B29B0E3B100026273 /* Components */,
				843AFD7229B0CF6600026273 /* Extentions */,
				843AFD6729B0CE5500026273 /* Helpers */,
				843AFD6229B0CD8200026273 /* Navigation */,
				843AFD4C29B0C67D00026273 /* Models */,
				843AFD2829B0C0FD00026273 /* Assets.xcassets */,
				843AFD2A29B0C0FD00026273 /* Preview Content */,
			);
			path = FoodDeliveryApp;
			sourceTree = "<group>";
		};
		843AFD2A29B0C0FD00026273 /* Preview Content */ = {
			isa = PBXGroup;
			children = (
				843AFD2B29B0C0FD00026273 /* Preview Assets.xcassets */,
			);
			path = "Preview Content";
			sourceTree = "<group>";
		};
		843AFD4C29B0C67D00026273 /* Models */ = {
			isa = PBXGroup;
			children = (
				843AFD4F29B0CB1400026273 /* AddressModel.swift */,
				843AFD5029B0CB1400026273 /* Coin.swift */,
				843AFD5229B0CB1400026273 /* Course.swift */,
				843AFD5729B0CB1400026273 /* CourseSection.swift */,
				843AFD5629B0CB1400026273 /* Handbook.swift */,
				843AFD5429B0CB1400026273 /* PreferenceKeys.swift */,
				843AFD5329B0CB1400026273 /* Suggestion.swift */,
				843AFD5529B0CB1400026273 /* TabBarItemModel.swift */,
				843AFD5129B0CB1400026273 /* Topic.swift */,
				843AFD4D29B0C69800026273 /* Model.swift */,
				843AFD7929B0E35B00026273 /* CoinViewModel.swift */,
				843AFDC429B0EA2200026273 /* Category.swift */,
			);
			path = Models;
			sourceTree = "<group>";
		};
		843AFD6229B0CD8200026273 /* Navigation */ = {
			isa = PBXGroup;
			children = (
				843AFD6329B0CE2200026273 /* NavigationBar.swift */,
				843AFD6429B0CE2200026273 /* TabBar.swift */,
				843AFD2629B0C0FC00026273 /* ContentView.swift */,
			);
			path = Navigation;
			sourceTree = "<group>";
		};
		843AFD6729B0CE5500026273 /* Helpers */ = {
			isa = PBXGroup;
			children = (
				843AFD6E29B0CF0F00026273 /* AnimatbleFontModifire.swift */,
				843AFD6F29B0CF0F00026273 /* TabItemPreferenceKey.swift */,
				843AFD6A29B0CEB400026273 /* InputStyle.swift */,
				843AFD6B29B0CEB400026273 /* Styles.swift */,
				843AFD6829B0CE7300026273 /* PlayShape.swift */,
			);
			path = Helpers;
			sourceTree = "<group>";
		};
		843AFD7229B0CF6600026273 /* Extentions */ = {
			isa = PBXGroup;
			children = (
				843AFD7329B0CF9100026273 /* Animation + Extension.swift */,
				843AFD7429B0CF9100026273 /* Color + Extention.swift */,
				843AFD7529B0CF9100026273 /* View + Extension.swift */,
			);
			path = Extentions;
			sourceTree = "<group>";
		};
		843AFD7B29B0E3B100026273 /* Components */ = {
			isa = PBXGroup;
			children = (
				843AFD9029B0E4F900026273 /* Graphics */,
				843AFD8B29B0E4BC00026273 /* Buttons */,
				843AFD8A29B0E4B300026273 /* Items */,
			);
			path = Components;
			sourceTree = "<group>";
		};
		843AFD8A29B0E4B300026273 /* Items */ = {
			isa = PBXGroup;
			children = (
				843AFD7C29B0E3C900026273 /* FeaturedItem.swift */,
				843AFD7E29B0E3E600026273 /* CourseItem.swift */,
				843AFD8029B0E40B00026273 /* SmallCourseItem.swift */,
				843AFD8229B0E42000026273 /* HandbookItem.swift */,
				843AFD8429B0E43900026273 /* TopicItem.swift */,
				843AFD8629B0E44F00026273 /* SectionRow.swift */,
				843AFD8829B0E49C00026273 /* CertificateView.swift */,
				843AFDC229B0E9F600026273 /* CategoryItem.swift */,
			);
			path = Items;
			sourceTree = "<group>";
		};
		843AFD8B29B0E4BC00026273 /* Buttons */ = {
			isa = PBXGroup;
			children = (
				843AFD8C29B0E4CE00026273 /* AvatarView.swift */,
				843AFD8E29B0E4E200026273 /* PlayView.swift */,
			);
			path = Buttons;
			sourceTree = "<group>";
		};
		843AFD9029B0E4F900026273 /* Graphics */ = {
			isa = PBXGroup;
			children = (
				843AFD9129B0E50600026273 /* HexagonView.swift */,
				843AFD9329B0E51A00026273 /* BlobView.swift */,
				843AFD9529B0E52C00026273 /* CircularView.swift */,
			);
			path = Graphics;
			sourceTree = "<group>";
		};
		843AFD9729B0E59F00026273 /* Views */ = {
			isa = PBXGroup;
			children = (
				843AFD9829B0E5A700026273 /* Main */,
				843AFD9929B0E5AE00026273 /* Detail */,
				843AFDAD29B0E6CE00026273 /* Sheets */,
				843AFD9A29B0E5BC00026273 /* Modals */,
			);
			path = Views;
			sourceTree = "<group>";
		};
		843AFD9829B0E5A700026273 /* Main */ = {
			isa = PBXGroup;
			children = (
				843AFD9B29B0E5D500026273 /* HomeView.swift */,
				843AFD9D29B0E5EF00026273 /* ExploreView.swift */,
				843AFD9F29B0E60200026273 /* NotificationsView.swift */,
				843AFDA129B0E61B00026273 /* LibraryView.swift */,
			);
			path = Main;
			sourceTree = "<group>";
		};
		843AFD9929B0E5AE00026273 /* Detail */ = {
			isa = PBXGroup;
			children = (
				843AFDA329B0E63700026273 /* CourseDetaileView.swift */,
				843AFDA529B0E65100026273 /* SectionView.swift */,
			);
			path = Detail;
			sourceTree = "<group>";
		};
		843AFD9A29B0E5BC00026273 /* Modals */ = {
			isa = PBXGroup;
			children = (
				843AFDA729B0E68C00026273 /* SignUpView.swift */,
				843AFDA929B0E6A100026273 /* SignInView.swift */,
				843AFDAB29B0E6B600026273 /* ModalView.swift */,
			);
			path = Modals;
			sourceTree = "<group>";
		};
		843AFDAD29B0E6CE00026273 /* Sheets */ = {
			isa = PBXGroup;
			children = (
				843AFDAE29B0E6DF00026273 /* AccountView.swift */,
				843AFDB029B0E6F300026273 /* SearchView.swift */,
			);
			path = Sheets;
			sourceTree = "<group>";
		};
/* End PBXGroup section */

/* Begin PBXNativeTarget section */
		843AFD2029B0C0FC00026273 /* FoodDeliveryApp */ = {
			isa = PBXNativeTarget;
			buildConfigurationList = 843AFD2F29B0C0FD00026273 /* Build configuration list for PBXNativeTarget "FoodDeliveryApp" */;
			buildPhases = (
				843AFD1D29B0C0FC00026273 /* Sources */,
				843AFD1E29B0C0FC00026273 /* Frameworks */,
				843AFD1F29B0C0FC00026273 /* Resources */,
			);
			buildRules = (
			);
			dependencies = (
			);
			name = FoodDeliveryApp;
			productName = FoodDeliveryApp;
			productReference = 843AFD2129B0C0FC00026273 /* FoodDeliveryApp.app */;
			productType = "com.apple.product-type.application";
		};
/* End PBXNativeTarget section */

/* Begin PBXProject section */
		843AFD1929B0C0FC00026273 /* Project object */ = {
			isa = PBXProject;
			attributes = {
				BuildIndependentTargetsInParallel = 1;
				LastSwiftUpdateCheck = 1400;
				LastUpgradeCheck = 1400;
				TargetAttributes = {
					843AFD2029B0C0FC00026273 = {
						CreatedOnToolsVersion = 14.0.1;
					};
				};
			};
			buildConfigurationList = 843AFD1C29B0C0FC00026273 /* Build configuration list for PBXProject "FoodDeliveryApp" */;
			compatibilityVersion = "Xcode 14.0";
			developmentRegion = en;
			hasScannedForEncodings = 0;
			knownRegions = (
				en,
				Base,
			);
			mainGroup = 843AFD1829B0C0FC00026273;
			productRefGroup = 843AFD2229B0C0FC00026273 /* Products */;
			projectDirPath = "";
			projectRoot = "";
			targets = (
				843AFD2029B0C0FC00026273 /* FoodDeliveryApp */,
			);
		};
/* End PBXProject section */

/* Begin PBXResourcesBuildPhase section */
		843AFD1F29B0C0FC00026273 /* Resources */ = {
			isa = PBXResourcesBuildPhase;
			buildActionMask = 2147483647;
			files = (
				843AFD2C29B0C0FD00026273 /* Preview Assets.xcassets in Resources */,
				843AFD2929B0C0FD00026273 /* Assets.xcassets in Resources */,
			);
			runOnlyForDeploymentPostprocessing = 0;
		};
/* End PBXResourcesBuildPhase section */

/* Begin PBXSourcesBuildPhase section */
		843AFD1D29B0C0FC00026273 /* Sources */ = {
			isa = PBXSourcesBuildPhase;
			buildActionMask = 2147483647;
			files = (
				843AFD5829B0CB1400026273 /* AddressModel.swift in Sources */,
				843AFDC329B0E9F600026273 /* CategoryItem.swift in Sources */,
				843AFD8329B0E42000026273 /* HandbookItem.swift in Sources */,
				843AFD5B29B0CB1400026273 /* Course.swift in Sources */,
				843AFD5E29B0CB1400026273 /* TabBarItemModel.swift in Sources */,
				843AFD9E29B0E5EF00026273 /* ExploreView.swift in Sources */,
				843AFDA029B0E60200026273 /* NotificationsView.swift in Sources */,
				843AFD5A29B0CB1400026273 /* Topic.swift in Sources */,
				843AFD9429B0E51A00026273 /* BlobView.swift in Sources */,
				843AFD7829B0CF9100026273 /* View + Extension.swift in Sources */,
				843AFD6529B0CE2200026273 /* NavigationBar.swift in Sources */,
				843AFDA829B0E68C00026273 /* SignUpView.swift in Sources */,
				843AFD7129B0CF0F00026273 /* TabItemPreferenceKey.swift in Sources */,
				843AFD9C29B0E5D500026273 /* HomeView.swift in Sources */,
				843AFDA629B0E65100026273 /* SectionView.swift in Sources */,
				843AFD7629B0CF9100026273 /* Animation + Extension.swift in Sources */,
				843AFD6029B0CB1400026273 /* CourseSection.swift in Sources */,
				843AFD5C29B0CB1400026273 /* Suggestion.swift in Sources */,
				843AFD7029B0CF0F00026273 /* AnimatbleFontModifire.swift in Sources */,
				843AFD8529B0E43900026273 /* TopicItem.swift in Sources */,
				843AFD5D29B0CB1400026273 /* PreferenceKeys.swift in Sources */,
				843AFD9629B0E52C00026273 /* CircularView.swift in Sources */,
				843AFD9229B0E50600026273 /* HexagonView.swift in Sources */,
				843AFDC529B0EA2200026273 /* Category.swift in Sources */,
				843AFDAC29B0E6B600026273 /* ModalView.swift in Sources */,
				843AFD8929B0E49C00026273 /* CertificateView.swift in Sources */,
				843AFDAF29B0E6DF00026273 /* AccountView.swift in Sources */,
				843AFD6929B0CE7300026273 /* PlayShape.swift in Sources */,
				843AFD4E29B0C69800026273 /* Model.swift in Sources */,
				843AFDAA29B0E6A100026273 /* SignInView.swift in Sources */,
				843AFD2729B0C0FC00026273 /* ContentView.swift in Sources */,
				843AFD7729B0CF9100026273 /* Color + Extention.swift in Sources */,
				843AFD8D29B0E4CE00026273 /* AvatarView.swift in Sources */,
				843AFD7F29B0E3E600026273 /* CourseItem.swift in Sources */,
				843AFD8129B0E40B00026273 /* SmallCourseItem.swift in Sources */,
				843AFD5F29B0CB1400026273 /* Handbook.swift in Sources */,
				843AFD6D29B0CEB400026273 /* Styles.swift in Sources */,
				843AFD6C29B0CEB400026273 /* InputStyle.swift in Sources */,
				843AFDB129B0E6F300026273 /* SearchView.swift in Sources */,
				843AFDA229B0E61B00026273 /* LibraryView.swift in Sources */,
				843AFD5929B0CB1400026273 /* Coin.swift in Sources */,
				843AFD8F29B0E4E200026273 /* PlayView.swift in Sources */,
				843AFD7D29B0E3C900026273 /* FeaturedItem.swift in Sources */,
				843AFD7A29B0E35B00026273 /* CoinViewModel.swift in Sources */,
				843AFD8729B0E44F00026273 /* SectionRow.swift in Sources */,
				843AFD2529B0C0FC00026273 /* FoodDeliveryAppApp.swift in Sources */,
				843AFDA429B0E63700026273 /* CourseDetaileView.swift in Sources */,
				843AFD6629B0CE2200026273 /* TabBar.swift in Sources */,
			);
			runOnlyForDeploymentPostprocessing = 0;
		};
/* End PBXSourcesBuildPhase section */

/* Begin XCBuildConfiguration section */
		843AFD2D29B0C0FD00026273 /* Debug */ = {
			isa = XCBuildConfiguration;
			buildSettings = {
				ALWAYS_SEARCH_USER_PATHS = NO;
				CLANG_ANALYZER_NONNULL = YES;
				CLANG_ANALYZER_NUMBER_OBJECT_CONVERSION = YES_AGGRESSIVE;
				CLANG_CXX_LANGUAGE_STANDARD = "gnu++20";
				CLANG_ENABLE_MODULES = YES;
				CLANG_ENABLE_OBJC_ARC = YES;
				CLANG_ENABLE_OBJC_WEAK = YES;
				CLANG_WARN_BLOCK_CAPTURE_AUTORELEASING = YES;
				CLANG_WARN_BOOL_CONVERSION = YES;
				CLANG_WARN_COMMA = YES;
				CLANG_WARN_CONSTANT_CONVERSION = YES;
				CLANG_WARN_DEPRECATED_OBJC_IMPLEMENTATIONS = YES;
				CLANG_WARN_DIRECT_OBJC_ISA_USAGE = YES_ERROR;
				CLANG_WARN_DOCUMENTATION_COMMENTS = YES;
				CLANG_WARN_EMPTY_BODY = YES;
				CLANG_WARN_ENUM_CONVERSION = YES;
				CLANG_WARN_INFINITE_RECURSION = YES;
				CLANG_WARN_INT_CONVERSION = YES;
				CLANG_WARN_NON_LITERAL_NULL_CONVERSION = YES;
				CLANG_WARN_OBJC_IMPLICIT_RETAIN_SELF = YES;
				CLANG_WARN_OBJC_LITERAL_CONVERSION = YES;
				CLANG_WARN_OBJC_ROOT_CLASS = YES_ERROR;
				CLANG_WARN_QUOTED_INCLUDE_IN_FRAMEWORK_HEADER = YES;
				CLANG_WARN_RANGE_LOOP_ANALYSIS = YES;
				CLANG_WARN_STRICT_PROTOTYPES = YES;
				CLANG_WARN_SUSPICIOUS_MOVE = YES;
				CLANG_WARN_UNGUARDED_AVAILABILITY = YES_AGGRESSIVE;
				CLANG_WARN_UNREACHABLE_CODE = YES;
				CLANG_WARN__DUPLICATE_METHOD_MATCH = YES;
				COPY_PHASE_STRIP = NO;
				DEBUG_INFORMATION_FORMAT = dwarf;
				ENABLE_STRICT_OBJC_MSGSEND = YES;
				ENABLE_TESTABILITY = YES;
				GCC_C_LANGUAGE_STANDARD = gnu11;
				GCC_DYNAMIC_NO_PIC = NO;
				GCC_NO_COMMON_BLOCKS = YES;
				GCC_OPTIMIZATION_LEVEL = 0;
				GCC_PREPROCESSOR_DEFINITIONS = (
					"DEBUG=1",
					"$(inherited)",
				);
				GCC_WARN_64_TO_32_BIT_CONVERSION = YES;
				GCC_WARN_ABOUT_RETURN_TYPE = YES_ERROR;
				GCC_WARN_UNDECLARED_SELECTOR = YES;
				GCC_WARN_UNINITIALIZED_AUTOS = YES_AGGRESSIVE;
				GCC_WARN_UNUSED_FUNCTION = YES;
				GCC_WARN_UNUSED_VARIABLE = YES;
				IPHONEOS_DEPLOYMENT_TARGET = 16.0;
				MTL_ENABLE_DEBUG_INFO = INCLUDE_SOURCE;
				MTL_FAST_MATH = YES;
				ONLY_ACTIVE_ARCH = YES;
				SDKROOT = iphoneos;
				SWIFT_ACTIVE_COMPILATION_CONDITIONS = DEBUG;
				SWIFT_OPTIMIZATION_LEVEL = "-Onone";
			};
			name = Debug;
		};
		843AFD2E29B0C0FD00026273 /* Release */ = {
			isa = XCBuildConfiguration;
			buildSettings = {
				ALWAYS_SEARCH_USER_PATHS = NO;
				CLANG_ANALYZER_NONNULL = YES;
				CLANG_ANALYZER_NUMBER_OBJECT_CONVERSION = YES_AGGRESSIVE;
				CLANG_CXX_LANGUAGE_STANDARD = "gnu++20";
				CLANG_ENABLE_MODULES = YES;
				CLANG_ENABLE_OBJC_ARC = YES;
				CLANG_ENABLE_OBJC_WEAK = YES;
				CLANG_WARN_BLOCK_CAPTURE_AUTORELEASING = YES;
				CLANG_WARN_BOOL_CONVERSION = YES;
				CLANG_WARN_COMMA = YES;
				CLANG_WARN_CONSTANT_CONVERSION = YES;
				CLANG_WARN_DEPRECATED_OBJC_IMPLEMENTATIONS = YES;
				CLANG_WARN_DIRECT_OBJC_ISA_USAGE = YES_ERROR;
				CLANG_WARN_DOCUMENTATION_COMMENTS = YES;
				CLANG_WARN_EMPTY_BODY = YES;
				CLANG_WARN_ENUM_CONVERSION = YES;
				CLANG_WARN_INFINITE_RECURSION = YES;
				CLANG_WARN_INT_CONVERSION = YES;
				CLANG_WARN_NON_LITERAL_NULL_CONVERSION = YES;
				CLANG_WARN_OBJC_IMPLICIT_RETAIN_SELF = YES;
				CLANG_WARN_OBJC_LITERAL_CONVERSION = YES;
				CLANG_WARN_OBJC_ROOT_CLASS = YES_ERROR;
				CLANG_WARN_QUOTED_INCLUDE_IN_FRAMEWORK_HEADER = YES;
				CLANG_WARN_RANGE_LOOP_ANALYSIS = YES;
				CLANG_WARN_STRICT_PROTOTYPES = YES;
				CLANG_WARN_SUSPICIOUS_MOVE = YES;
				CLANG_WARN_UNGUARDED_AVAILABILITY = YES_AGGRESSIVE;
				CLANG_WARN_UNREACHABLE_CODE = YES;
				CLANG_WARN__DUPLICATE_METHOD_MATCH = YES;
				COPY_PHASE_STRIP = NO;
				DEBUG_INFORMATION_FORMAT = "dwarf-with-dsym";
				ENABLE_NS_ASSERTIONS = NO;
				ENABLE_STRICT_OBJC_MSGSEND = YES;
				GCC_C_LANGUAGE_STANDARD = gnu11;
				GCC_NO_COMMON_BLOCKS = YES;
				GCC_WARN_64_TO_32_BIT_CONVERSION = YES;
				GCC_WARN_ABOUT_RETURN_TYPE = YES_ERROR;
				GCC_WARN_UNDECLARED_SELECTOR = YES;
				GCC_WARN_UNINITIALIZED_AUTOS = YES_AGGRESSIVE;
				GCC_WARN_UNUSED_FUNCTION = YES;
				GCC_WARN_UNUSED_VARIABLE = YES;
				IPHONEOS_DEPLOYMENT_TARGET = 16.0;
				MTL_ENABLE_DEBUG_INFO = NO;
				MTL_FAST_MATH = YES;
				SDKROOT = iphoneos;
				SWIFT_COMPILATION_MODE = wholemodule;
				SWIFT_OPTIMIZATION_LEVEL = "-O";
				VALIDATE_PRODUCT = YES;
			};
			name = Release;
		};
		843AFD3029B0C0FD00026273 /* Debug */ = {
			isa = XCBuildConfiguration;
			buildSettings = {
				ASSETCATALOG_COMPILER_APPICON_NAME = AppIcon;
				ASSETCATALOG_COMPILER_GLOBAL_ACCENT_COLOR_NAME = AccentColor;
				CODE_SIGN_STYLE = Automatic;
				CURRENT_PROJECT_VERSION = 1;
				DEVELOPMENT_ASSET_PATHS = "\"FoodDeliveryApp/Preview Content\"";
				DEVELOPMENT_TEAM = NYBC469U45;
				ENABLE_PREVIEWS = YES;
				GENERATE_INFOPLIST_FILE = YES;
				INFOPLIST_KEY_UIApplicationSceneManifest_Generation = YES;
				INFOPLIST_KEY_UIApplicationSupportsIndirectInputEvents = YES;
				INFOPLIST_KEY_UILaunchScreen_Generation = YES;
				INFOPLIST_KEY_UISupportedInterfaceOrientations_iPad = "UIInterfaceOrientationPortrait UIInterfaceOrientationPortraitUpsideDown UIInterfaceOrientationLandscapeLeft UIInterfaceOrientationLandscapeRight";
				INFOPLIST_KEY_UISupportedInterfaceOrientations_iPhone = "UIInterfaceOrientationPortrait UIInterfaceOrientationLandscapeLeft UIInterfaceOrientationLandscapeRight";
				LD_RUNPATH_SEARCH_PATHS = (
					"$(inherited)",
					"@executable_path/Frameworks",
				);
				MARKETING_VERSION = 1.0;
				PRODUCT_BUNDLE_IDENTIFIER = vladchuvashov.FoodDeliveryApp;
				PRODUCT_NAME = "$(TARGET_NAME)";
				SWIFT_EMIT_LOC_STRINGS = YES;
				SWIFT_VERSION = 5.0;
				TARGETED_DEVICE_FAMILY = "1,2";
			};
			name = Debug;
		};
		843AFD3129B0C0FD00026273 /* Release */ = {
			isa = XCBuildConfiguration;
			buildSettings = {
				ASSETCATALOG_COMPILER_APPICON_NAME = AppIcon;
				ASSETCATALOG_COMPILER_GLOBAL_ACCENT_COLOR_NAME = AccentColor;
				CODE_SIGN_STYLE = Automatic;
				CURRENT_PROJECT_VERSION = 1;
				DEVELOPMENT_ASSET_PATHS = "\"FoodDeliveryApp/Preview Content\"";
				DEVELOPMENT_TEAM = NYBC469U45;
				ENABLE_PREVIEWS = YES;
				GENERATE_INFOPLIST_FILE = YES;
				INFOPLIST_KEY_UIApplicationSceneManifest_Generation = YES;
				INFOPLIST_KEY_UIApplicationSupportsIndirectInputEvents = YES;
				INFOPLIST_KEY_UILaunchScreen_Generation = YES;
				INFOPLIST_KEY_UISupportedInterfaceOrientations_iPad = "UIInterfaceOrientationPortrait UIInterfaceOrientationPortraitUpsideDown UIInterfaceOrientationLandscapeLeft UIInterfaceOrientationLandscapeRight";
				INFOPLIST_KEY_UISupportedInterfaceOrientations_iPhone = "UIInterfaceOrientationPortrait UIInterfaceOrientationLandscapeLeft UIInterfaceOrientationLandscapeRight";
				LD_RUNPATH_SEARCH_PATHS = (
					"$(inherited)",
					"@executable_path/Frameworks",
				);
				MARKETING_VERSION = 1.0;
				PRODUCT_BUNDLE_IDENTIFIER = vladchuvashov.FoodDeliveryApp;
				PRODUCT_NAME = "$(TARGET_NAME)";
				SWIFT_EMIT_LOC_STRINGS = YES;
				SWIFT_VERSION = 5.0;
				TARGETED_DEVICE_FAMILY = "1,2";
			};
			name = Release;
		};
/* End XCBuildConfiguration section */

/* Begin XCConfigurationList section */
		843AFD1C29B0C0FC00026273 /* Build configuration list for PBXProject "FoodDeliveryApp" */ = {
			isa = XCConfigurationList;
			buildConfigurations = (
				843AFD2D29B0C0FD00026273 /* Debug */,
				843AFD2E29B0C0FD00026273 /* Release */,
			);
			defaultConfigurationIsVisible = 0;
			defaultConfigurationName = Release;
		};
		843AFD2F29B0C0FD00026273 /* Build configuration list for PBXNativeTarget "FoodDeliveryApp" */ = {
			isa = XCConfigurationList;
			buildConfigurations = (
				843AFD3029B0C0FD00026273 /* Debug */,
				843AFD3129B0C0FD00026273 /* Release */,
			);
			defaultConfigurationIsVisible = 0;
			defaultConfigurationName = Release;
		};
/* End XCConfigurationList section */
	};
	rootObject = 843AFD1929B0C0FC00026273 /* Project object */;
}
